
Microsoft Visual Studio Solution File, Format Version 12.00
# Visual Studio Version 17
VisualStudioVersion = 17.0.31903.59
MinimumVisualStudioVersion = 10.0.40219.1
Project("{FAE04EC0-301F-11D3-BF4B-00C04F79EFBC}") = "Models", "Models\Models.csproj", "{4C617266-5017-455B-BCF2-ECB3FAD4EE7D}"
EndProject
Project("{FAE04EC0-301F-11D3-BF4B-00C04F79EFBC}") = "Api", "Api\Api.csproj", "{7662DD9E-AFBA-45FC-8330-7B37F42C7E50}"
EndProject
Project("{FAE04EC0-301F-11D3-BF4B-00C04F79EFBC}") = "Clients", "Clients\Clients.csproj", "{F2C8F2EA-BDF4-4E1F-933B-1D1A8A232855}"
EndProject
Project("{FAE04EC0-301F-11D3-BF4B-00C04F79EFBC}") = "Worker", "Worker\Worker.csproj", "{2B711422-CE53-47FD-AE49-61437F7F1908}"
EndProject
Project("{FAE04EC0-301F-11D3-BF4B-00C04F79EFBC}") = "DataStore", "DataStore\DataStore.csproj", "{438D4E79-E3BF-4324-BCEE-E67EC83F0238}"
EndProject
Project("{FAE04EC0-301F-11D3-BF4B-00C04F79EFBC}") = "BusinessLogic", "BusinessLogic\BusinessLogic.csproj", "{CB8E3462-6715-4A6C-A37B-4D1D59AD6D72}"
EndProject
Project("{FAE04EC0-301F-11D3-BF4B-00C04F79EFBC}") = "Api.Tests", "Api.Tests\Api.Tests.csproj", "{9170507F-D959-4B17-9C86-F7C418A8930E}"
EndProject
Project("{FAE04EC0-301F-11D3-BF4B-00C04F79EFBC}") = "BusinessLogic.Tests", "BusinessLogic.Tests\BusinessLogic.Tests.csproj", "{60F387DD-B73D-45BB-AD4E-947CFB130C34}"
EndProject
Project("{FAE04EC0-301F-11D3-BF4B-00C04F79EFBC}") = "Clients.Tests", "Clients.Tests\Clients.Tests.csproj", "{EFA71088-784A-43AC-9D60-074AE6918089}"
EndProject
Global
	GlobalSection(SolutionConfigurationPlatforms) = preSolution
		Debug|Any CPU = Debug|Any CPU
		Release|Any CPU = Release|Any CPU
	EndGlobalSection
	GlobalSection(SolutionProperties) = preSolution
		HideSolutionNode = FALSE
	EndGlobalSection
	GlobalSection(ProjectConfigurationPlatforms) = postSolution
		{4C617266-5017-455B-BCF2-ECB3FAD4EE7D}.Debug|Any CPU.ActiveCfg = Debug|Any CPU
		{4C617266-5017-455B-BCF2-ECB3FAD4EE7D}.Debug|Any CPU.Build.0 = Debug|Any CPU
		{4C617266-5017-455B-BCF2-ECB3FAD4EE7D}.Release|Any CPU.ActiveCfg = Release|Any CPU
		{4C617266-5017-455B-BCF2-ECB3FAD4EE7D}.Release|Any CPU.Build.0 = Release|Any CPU
		{7662DD9E-AFBA-45FC-8330-7B37F42C7E50}.Debug|Any CPU.ActiveCfg = Debug|Any CPU
		{7662DD9E-AFBA-45FC-8330-7B37F42C7E50}.Debug|Any CPU.Build.0 = Debug|Any CPU
		{7662DD9E-AFBA-45FC-8330-7B37F42C7E50}.Release|Any CPU.ActiveCfg = Release|Any CPU
		{7662DD9E-AFBA-45FC-8330-7B37F42C7E50}.Release|Any CPU.Build.0 = Release|Any CPU
		{F2C8F2EA-BDF4-4E1F-933B-1D1A8A232855}.Debug|Any CPU.ActiveCfg = Debug|Any CPU
		{F2C8F2EA-BDF4-4E1F-933B-1D1A8A232855}.Debug|Any CPU.Build.0 = Debug|Any CPU
		{F2C8F2EA-BDF4-4E1F-933B-1D1A8A232855}.Release|Any CPU.ActiveCfg = Release|Any CPU
		{F2C8F2EA-BDF4-4E1F-933B-1D1A8A232855}.Release|Any CPU.Build.0 = Release|Any CPU
		{2B711422-CE53-47FD-AE49-61437F7F1908}.Debug|Any CPU.ActiveCfg = Debug|Any CPU
		{2B711422-CE53-47FD-AE49-61437F7F1908}.Debug|Any CPU.Build.0 = Debug|Any CPU
		{2B711422-CE53-47FD-AE49-61437F7F1908}.Release|Any CPU.ActiveCfg = Release|Any CPU
		{2B711422-CE53-47FD-AE49-61437F7F1908}.Release|Any CPU.Build.0 = Release|Any CPU
		{438D4E79-E3BF-4324-BCEE-E67EC83F0238}.Debug|Any CPU.ActiveCfg = Debug|Any CPU
		{438D4E79-E3BF-4324-BCEE-E67EC83F0238}.Debug|Any CPU.Build.0 = Debug|Any CPU
		{438D4E79-E3BF-4324-BCEE-E67EC83F0238}.Release|Any CPU.ActiveCfg = Release|Any CPU
		{438D4E79-E3BF-4324-BCEE-E67EC83F0238}.Release|Any CPU.Build.0 = Release|Any CPU
		{CB8E3462-6715-4A6C-A37B-4D1D59AD6D72}.Debug|Any CPU.ActiveCfg = Debug|Any CPU
		{CB8E3462-6715-4A6C-A37B-4D1D59AD6D72}.Debug|Any CPU.Build.0 = Debug|Any CPU
		{CB8E3462-6715-4A6C-A37B-4D1D59AD6D72}.Release|Any CPU.ActiveCfg = Release|Any CPU
		{CB8E3462-6715-4A6C-A37B-4D1D59AD6D72}.Release|Any CPU.Build.0 = Release|Any CPU
		{9170507F-D959-4B17-9C86-F7C418A8930E}.Debug|Any CPU.ActiveCfg = Debug|Any CPU
		{9170507F-D959-4B17-9C86-F7C418A8930E}.Debug|Any CPU.Build.0 = Debug|Any CPU
		{9170507F-D959-4B17-9C86-F7C418A8930E}.Release|Any CPU.ActiveCfg = Release|Any CPU
		{9170507F-D959-4B17-9C86-F7C418A8930E}.Release|Any CPU.Build.0 = Release|Any CPU
		{60F387DD-B73D-45BB-AD4E-947CFB130C34}.Debug|Any CPU.ActiveCfg = Debug|Any CPU
		{60F387DD-B73D-45BB-AD4E-947CFB130C34}.Debug|Any CPU.Build.0 = Debug|Any CPU
		{60F387DD-B73D-45BB-AD4E-947CFB130C34}.Release|Any CPU.ActiveCfg = Release|Any CPU
		{60F387DD-B73D-45BB-AD4E-947CFB130C34}.Release|Any CPU.Build.0 = Release|Any CPU
		{EFA71088-784A-43AC-9D60-074AE6918089}.Debug|Any CPU.ActiveCfg = Debug|Any CPU
		{EFA71088-784A-43AC-9D60-074AE6918089}.Debug|Any CPU.Build.0 = Debug|Any CPU
		{EFA71088-784A-43AC-9D60-074AE6918089}.Release|Any CPU.ActiveCfg = Release|Any CPU
		{EFA71088-784A-43AC-9D60-074AE6918089}.Release|Any CPU.Build.0 = Release|Any CPU
	EndGlobalSection
EndGlobal
